
Microsoft Visual Studio Solution File, Format Version 12.00
# Visual Studio Version 16
VisualStudioVersion = 16.0.32413.511
MinimumVisualStudioVersion = 10.0.40219.1
Project("{8BC9CEB8-8B4A-11D0-8D11-00A0C91BC942}") = "sdxl", "sdxl.vcxproj", "{B7DE334B-2049-410B-B7A5-D66AE0F731B7}"
EndProject
Global
	GlobalSection(SolutionConfigurationPlatforms) = preSolution
		Debug|x64 = Debug|x64
		Debug|x86 = Debug|x86
		Release|x64 = Release|x64
		Release|x86 = Release|x86
	EndGlobalSection
	GlobalSection(ProjectConfigurationPlatforms) = postSolution
		{B7DE334B-2049-410B-B7A5-D66AE0F731B7}.Debug|x64.ActiveCfg = Debug|x64
		{B7DE334B-2049-410B-B7A5-D66AE0F731B7}.Debug|x64.Build.0 = Debug|x64
		{B7DE334B-2049-410B-B7A5-D66AE0F731B7}.Debug|x86.ActiveCfg = Debug|Win32
		{B7DE334B-2049-410B-B7A5-D66AE0F731B7}.Debug|x86.Build.0 = Debug|Win32
		{B7DE334B-2049-410B-B7A5-D66AE0F731B7}.Release|x64.ActiveCfg = Release|x64
		{B7DE334B-2049-410B-B7A5-D66AE0F731B7}.Release|x64.Build.0 = Release|x64
		{B7DE334B-2049-410B-B7A5-D66AE0F731B7}.Release|x86.ActiveCfg = Release|Win32
		{B7DE334B-2049-410B-B7A5-D66AE0F731B7}.Release|x86.Build.0 = Release|Win32
	EndGlobalSection
	GlobalSection(SolutionProperties) = preSolution
		HideSolutionNode = FALSE
	EndGlobalSection
	GlobalSection(ExtensibilityGlobals) = postSolution
		SolutionGuid = {873C77A6-416A-4606-B1D8-BE2072203D7B}
	EndGlobalSection
EndGlobal
